
Microsoft Visual Studio Solution File, Format Version 12.00
# Visual Studio Version 17
VisualStudioVersion = 17.4.33110.190
MinimumVisualStudioVersion = 10.0.40219.1
Project("{9A19103F-16F7-4668-BE54-9A1E7A4F7556}") = "pruebaPartners", "pruebaPartners\pruebaPartners.csproj", "{A2256906-6B95-4372-A926-8EC3D58696F2}"
EndProject
Project("{FAE04EC0-301F-11D3-BF4B-00C04F79EFBC}") = "Negocios", "Negocios\Negocios.csproj", "{9D4D21B2-B816-4521-A565-DABAD09D72CE}"
EndProject
Project("{FAE04EC0-301F-11D3-BF4B-00C04F79EFBC}") = "Datos", "Datos\Datos.csproj", "{40EDA7DC-CC99-407B-8481-7A792823D26A}"
EndProject
Global
	GlobalSection(SolutionConfigurationPlatforms) = preSolution
		Debug|Any CPU = Debug|Any CPU
		Release|Any CPU = Release|Any CPU
	EndGlobalSection
	GlobalSection(ProjectConfigurationPlatforms) = postSolution
		{A2256906-6B95-4372-A926-8EC3D58696F2}.Debug|Any CPU.ActiveCfg = Debug|Any CPU
		{A2256906-6B95-4372-A926-8EC3D58696F2}.Debug|Any CPU.Build.0 = Debug|Any CPU
		{A2256906-6B95-4372-A926-8EC3D58696F2}.Release|Any CPU.ActiveCfg = Release|Any CPU
		{A2256906-6B95-4372-A926-8EC3D58696F2}.Release|Any CPU.Build.0 = Release|Any CPU
		{9D4D21B2-B816-4521-A565-DABAD09D72CE}.Debug|Any CPU.ActiveCfg = Debug|Any CPU
		{9D4D21B2-B816-4521-A565-DABAD09D72CE}.Debug|Any CPU.Build.0 = Debug|Any CPU
		{9D4D21B2-B816-4521-A565-DABAD09D72CE}.Release|Any CPU.ActiveCfg = Release|Any CPU
		{9D4D21B2-B816-4521-A565-DABAD09D72CE}.Release|Any CPU.Build.0 = Release|Any CPU
		{40EDA7DC-CC99-407B-8481-7A792823D26A}.Debug|Any CPU.ActiveCfg = Debug|Any CPU
		{40EDA7DC-CC99-407B-8481-7A792823D26A}.Debug|Any CPU.Build.0 = Debug|Any CPU
		{40EDA7DC-CC99-407B-8481-7A792823D26A}.Release|Any CPU.ActiveCfg = Release|Any CPU
		{40EDA7DC-CC99-407B-8481-7A792823D26A}.Release|Any CPU.Build.0 = Release|Any CPU
	EndGlobalSection
	GlobalSection(SolutionProperties) = preSolution
		HideSolutionNode = FALSE
	EndGlobalSection
	GlobalSection(ExtensibilityGlobals) = postSolution
		SolutionGuid = {CB551A59-133B-4078-A8CF-0162F744691F}
	EndGlobalSection
EndGlobal
